// !$*UTF8*$!
{
	archiveVersion = 1;
	classes = {
	};
	objectVersion = 50;
	objects = {

/* Begin PBXBuildFile section */
		AA28FDD71423CE27F89606EC /* Pods_GliKitSwift.framework in Frameworks */ = {isa = PBXBuildFile; fileRef = DF016891A7E05E1EDD44C01C /* Pods_GliKitSwift.framework */; };
		CE0594C12436C53900510AD2 /* NSAttributedString+Utils.swift in Sources */ = {isa = PBXBuildFile; fileRef = CE0594C02436C53900510AD2 /* NSAttributedString+Utils.swift */; };
		CE0594C32437121900510AD2 /* TabMenuBarCell.swift in Sources */ = {isa = PBXBuildFile; fileRef = CE0594C22437121900510AD2 /* TabMenuBarCell.swift */; };
		CE0594C52437137B00510AD2 /* Divider.swift in Sources */ = {isa = PBXBuildFile; fileRef = CE0594C42437137B00510AD2 /* Divider.swift */; };
		CE0594C72437146200510AD2 /* UIView+AutoLayout.swift in Sources */ = {isa = PBXBuildFile; fileRef = CE0594C62437146200510AD2 /* UIView+AutoLayout.swift */; };
		CE0594C924373D5D00510AD2 /* TabMenuBar.swift in Sources */ = {isa = PBXBuildFile; fileRef = CE0594C824373D5D00510AD2 /* TabMenuBar.swift */; };
		CE160E1D242462BD008E7392 /* NavigationItemHelper.swift in Sources */ = {isa = PBXBuildFile; fileRef = CE160E1C242462BD008E7392 /* NavigationItemHelper.swift */; };
		CE160E1F242471E7008E7392 /* BaseViewModel.swift in Sources */ = {isa = PBXBuildFile; fileRef = CE160E1E242471E7008E7392 /* BaseViewModel.swift */; };
		CE160E212424A350008E7392 /* BaseNavigationController.swift in Sources */ = {isa = PBXBuildFile; fileRef = CE160E202424A350008E7392 /* BaseNavigationController.swift */; };
		CE2A23EA24F5F680004C5E66 /* PageView.swift in Sources */ = {isa = PBXBuildFile; fileRef = CE2A23E924F5F680004C5E66 /* PageView.swift */; };
		CE2A23ED24F60520004C5E66 /* NeedLayoutWrapper.swift in Sources */ = {isa = PBXBuildFile; fileRef = CE2A23EC24F60520004C5E66 /* NeedLayoutWrapper.swift */; };
		CE2A23EF24F60570004C5E66 /* RangeWrapper.swift in Sources */ = {isa = PBXBuildFile; fileRef = CE2A23EE24F60570004C5E66 /* RangeWrapper.swift */; };
		CE3E8C1F24C54F48001A66EC /* BannerView.swift in Sources */ = {isa = PBXBuildFile; fileRef = CE3E8C1E24C54F48001A66EC /* BannerView.swift */; };
		CE3E8C2124C56F07001A66EC /* CountDownTimer.swift in Sources */ = {isa = PBXBuildFile; fileRef = CE3E8C2024C56F07001A66EC /* CountDownTimer.swift */; };
		CE416DCA24F7415C0078A4FB /* AlertProps.swift in Sources */ = {isa = PBXBuildFile; fileRef = CE416DC924F7415C0078A4FB /* AlertProps.swift */; };
		CE416DCC24F786FD0078A4FB /* AlertAction.swift in Sources */ = {isa = PBXBuildFile; fileRef = CE416DCB24F786FD0078A4FB /* AlertAction.swift */; };
		CE416DD024F78CEF0078A4FB /* AlertHeader.swift in Sources */ = {isa = PBXBuildFile; fileRef = CE416DCF24F78CEF0078A4FB /* AlertHeader.swift */; };
		CE416DD224F78E460078A4FB /* AlertCell.swift in Sources */ = {isa = PBXBuildFile; fileRef = CE416DD124F78E460078A4FB /* AlertCell.swift */; };
		CE416DD424F78F9A0078A4FB /* AlertController.swift in Sources */ = {isa = PBXBuildFile; fileRef = CE416DD324F78F9A0078A4FB /* AlertController.swift */; };
		CE416DD624F79C280078A4FB /* UIImage+Utils.swift in Sources */ = {isa = PBXBuildFile; fileRef = CE416DD524F79C280078A4FB /* UIImage+Utils.swift */; };
		CE52B0CA2435E81D00B85D8D /* MenuBarItem.swift in Sources */ = {isa = PBXBuildFile; fileRef = CE52B0C92435E81D00B85D8D /* MenuBarItem.swift */; };
		CE52B0CC2435F2DB00B85D8D /* TabMenuBarItem.swift in Sources */ = {isa = PBXBuildFile; fileRef = CE52B0CB2435F2DB00B85D8D /* TabMenuBarItem.swift */; };
		CE52B0CF2435F39800B85D8D /* Button.swift in Sources */ = {isa = PBXBuildFile; fileRef = CE52B0CE2435F39800B85D8D /* Button.swift */; };
		CE58C65A24527796006A654E /* UITableView+EmptyView.swift in Sources */ = {isa = PBXBuildFile; fileRef = CE58C65924527796006A654E /* UITableView+EmptyView.swift */; };
		CE58C66B2452D0E2006A654E /* UICollectionView+EmptyView.swift in Sources */ = {isa = PBXBuildFile; fileRef = CE58C66A2452D0E2006A654E /* UICollectionView+EmptyView.swift */; };
		CE58C66D2452EFC8006A654E /* UIApplication+Utils.swift in Sources */ = {isa = PBXBuildFile; fileRef = CE58C66C2452EFC8006A654E /* UIApplication+Utils.swift */; };
		CE6996E523D7E0D500A99469 /* PartialPresentTransitionDelegate.swift in Sources */ = {isa = PBXBuildFile; fileRef = CE6996E423D7E0D500A99469 /* PartialPresentTransitionDelegate.swift */; };
		CE6996E723D7EC2C00A99469 /* PartialPresentationController.swift in Sources */ = {isa = PBXBuildFile; fileRef = CE6996E623D7EC2C00A99469 /* PartialPresentationController.swift */; };
		CE6996E923D7F27B00A99469 /* PartialPresentTransitionAnimator.swift in Sources */ = {isa = PBXBuildFile; fileRef = CE6996E823D7F27B00A99469 /* PartialPresentTransitionAnimator.swift */; };
		CE6996EB23D81ED100A99469 /* UIViewControlelr+Transition.swift in Sources */ = {isa = PBXBuildFile; fileRef = CE6996EA23D81ED100A99469 /* UIViewControlelr+Transition.swift */; };
		CE6996ED23D822AE00A99469 /* UIView+Utils.swift in Sources */ = {isa = PBXBuildFile; fileRef = CE6996EC23D822AE00A99469 /* UIView+Utils.swift */; };
		CE6996EF23D8235E00A99469 /* NSObject+Utils.swift in Sources */ = {isa = PBXBuildFile; fileRef = CE6996EE23D8235E00A99469 /* NSObject+Utils.swift */; };
		CE6996F123D825E900A99469 /* UIViewController+Utils.swift in Sources */ = {isa = PBXBuildFile; fileRef = CE6996F023D825E900A99469 /* UIViewController+Utils.swift */; };
		CE7700002539AC9F00AACB9B /* UICollectionView+ItemSize.swift in Sources */ = {isa = PBXBuildFile; fileRef = CE77FFFF2539AC9F00AACB9B /* UICollectionView+ItemSize.swift */; };
		CE77FFFD2539A42F00AACB9B /* UITableView+RowHeight.swift in Sources */ = {isa = PBXBuildFile; fileRef = CE77FFFC2539A42F00AACB9B /* UITableView+RowHeight.swift */; };
		CE96AD2C243C0E1600A4FBAA /* Popover.swift in Sources */ = {isa = PBXBuildFile; fileRef = CE96AD2B243C0E1600A4FBAA /* Popover.swift */; };
		CE9E4C1C23D062A300C0F63D /* GliKitSwift.swift in Sources */ = {isa = PBXBuildFile; fileRef = CE9E4C1B23D062A300C0F63D /* GliKitSwift.swift */; };
		CE9E4C2A23D0648C00C0F63D /* BaseContainer.swift in Sources */ = {isa = PBXBuildFile; fileRef = CE9E4C2923D0648C00C0F63D /* BaseContainer.swift */; };
		CE9E4C6823D071ED00C0F63D /* BaseViewController.swift in Sources */ = {isa = PBXBuildFile; fileRef = CE9E4C6723D071ED00C0F63D /* BaseViewController.swift */; };
		CEA2CA3623D6856300826D29 /* UIViewController+Loading.swift in Sources */ = {isa = PBXBuildFile; fileRef = CEA2CA3523D6856300826D29 /* UIViewController+Loading.swift */; };
		CEA66562242D9BA0003D8E71 /* JSONSerialization+Utils.swift in Sources */ = {isa = PBXBuildFile; fileRef = CEA66561242D9BA0003D8E71 /* JSONSerialization+Utils.swift */; };
		CEA6656B242DE544003D8E71 /* DataControl.swift in Sources */ = {isa = PBXBuildFile; fileRef = CEA6656A242DE544003D8E71 /* DataControl.swift */; };
		CEA6656D242DF35C003D8E71 /* LoadMoreControl.swift in Sources */ = {isa = PBXBuildFile; fileRef = CEA6656C242DF35C003D8E71 /* LoadMoreControl.swift */; };
		CEA6656F242E0867003D8E71 /* DefaultLoadMoreControl.swift in Sources */ = {isa = PBXBuildFile; fileRef = CEA6656E242E0867003D8E71 /* DefaultLoadMoreControl.swift */; };
		CEAE532C23D14EDC0073882E /* UIViewController+SafeAreaCompatible.swift in Sources */ = {isa = PBXBuildFile; fileRef = CEAE532B23D14EDC0073882E /* UIViewController+SafeAreaCompatible.swift */; };
		CEAE532E23D158BB0073882E /* NavigationBar.swift in Sources */ = {isa = PBXBuildFile; fileRef = CEAE532D23D158BB0073882E /* NavigationBar.swift */; };
		CEAE533123D159910073882E /* UIColor+Theme.swift in Sources */ = {isa = PBXBuildFile; fileRef = CEAE533023D159910073882E /* UIColor+Theme.swift */; };
		CEAE533423D1A6950073882E /* UIColor+Utils.swift in Sources */ = {isa = PBXBuildFile; fileRef = CEAE533323D1A6950073882E /* UIColor+Utils.swift */; };
		CEAE533623D1B3C50073882E /* String+Utils.swift in Sources */ = {isa = PBXBuildFile; fileRef = CEAE533523D1B3C50073882E /* String+Utils.swift */; };
		CEB6D2C423D3ED7000457164 /* UIApplication+Theme.swift in Sources */ = {isa = PBXBuildFile; fileRef = CEB6D2C323D3ED7000457164 /* UIApplication+Theme.swift */; };
		CEB6D2C623D3F08700457164 /* UIFont+Theme.swift in Sources */ = {isa = PBXBuildFile; fileRef = CEB6D2C523D3F08700457164 /* UIFont+Theme.swift */; };
		CEB6D2C823D3F0CD00457164 /* UIImage+Theme.swift in Sources */ = {isa = PBXBuildFile; fileRef = CEB6D2C723D3F0CD00457164 /* UIImage+Theme.swift */; };
		CEB6D2CA23D3F9BA00457164 /* SystemNavigationBar.swift in Sources */ = {isa = PBXBuildFile; fileRef = CEB6D2C923D3F9BA00457164 /* SystemNavigationBar.swift */; };
		CEB6D2CD23D3FAD600457164 /* HttpTask.swift in Sources */ = {isa = PBXBuildFile; fileRef = CEB6D2CC23D3FAD600457164 /* HttpTask.swift */; };
		CEB6D2CF23D440E900457164 /* HttpError.swift in Sources */ = {isa = PBXBuildFile; fileRef = CEB6D2CE23D440E900457164 /* HttpError.swift */; };
		CEB6D2D223D444CE00457164 /* Log.swift in Sources */ = {isa = PBXBuildFile; fileRef = CEB6D2D123D444CE00457164 /* Log.swift */; };
		CEB6D2D423D44EDA00457164 /* ThreadUtils.swift in Sources */ = {isa = PBXBuildFile; fileRef = CEB6D2D323D44EDA00457164 /* ThreadUtils.swift */; };
		CEB6D2D623D45B6D00457164 /* HttpMultiTasks.swift in Sources */ = {isa = PBXBuildFile; fileRef = CEB6D2D523D45B6D00457164 /* HttpMultiTasks.swift */; };
		CEBE095A244ED5EA0016EEFA /* UITableView+Utils.swift in Sources */ = {isa = PBXBuildFile; fileRef = CEBE0959244ED5EA0016EEFA /* UITableView+Utils.swift */; };
		CEBE095C244EEC160016EEFA /* TableViewController.swift in Sources */ = {isa = PBXBuildFile; fileRef = CEBE095B244EEC160016EEFA /* TableViewController.swift */; };
		CEBE095E244EF1E50016EEFA /* CollectionViewController.swift in Sources */ = {isa = PBXBuildFile; fileRef = CEBE095D244EF1E50016EEFA /* CollectionViewController.swift */; };
		CEBE0963244EF7870016EEFA /* EmptyView.swift in Sources */ = {isa = PBXBuildFile; fileRef = CEBE0962244EF7870016EEFA /* EmptyView.swift */; };
		CEBE0965244EFDAD0016EEFA /* UIView+EmptyView.swift in Sources */ = {isa = PBXBuildFile; fileRef = CEBE0964244EFDAD0016EEFA /* UIView+EmptyView.swift */; };
		CEBEB51F23D54336000B8CBF /* Collection+Utils.swift in Sources */ = {isa = PBXBuildFile; fileRef = CEBEB51E23D54336000B8CBF /* Collection+Utils.swift */; };
		CEBEB52423D54BB4000B8CBF /* PageLoadingContainer.swift in Sources */ = {isa = PBXBuildFile; fileRef = CEBEB52323D54BB4000B8CBF /* PageLoadingContainer.swift */; };
		CEBEB52623D55F7A000B8CBF /* ProgressHUD.swift in Sources */ = {isa = PBXBuildFile; fileRef = CEBEB52523D55F7A000B8CBF /* ProgressHUD.swift */; };
		CEBEB52823D58CC7000B8CBF /* Rect+Utils.swift in Sources */ = {isa = PBXBuildFile; fileRef = CEBEB52723D58CC7000B8CBF /* Rect+Utils.swift */; };
		CEBEB52A23D59564000B8CBF /* UIView+Loading.swift in Sources */ = {isa = PBXBuildFile; fileRef = CEBEB52923D59564000B8CBF /* UIView+Loading.swift */; };
		CEBEB52D23D5AB48000B8CBF /* KeyboardHelper.swift in Sources */ = {isa = PBXBuildFile; fileRef = CEBEB52C23D5AB48000B8CBF /* KeyboardHelper.swift */; };
		CEC478FB24344703007D51CE /* ScrollViewController.swift in Sources */ = {isa = PBXBuildFile; fileRef = CEC478FA24344703007D51CE /* ScrollViewController.swift */; };
		CEC478FD243475CE007D51CE /* ScrollViewModel.swift in Sources */ = {isa = PBXBuildFile; fileRef = CEC478FC243475CE007D51CE /* ScrollViewModel.swift */; };
		CEC478FF24348128007D51CE /* PageViewController.swift in Sources */ = {isa = PBXBuildFile; fileRef = CEC478FE24348128007D51CE /* PageViewController.swift */; };
		CEC47902243481AC007D51CE /* MenuBar.swift in Sources */ = {isa = PBXBuildFile; fileRef = CEC47901243481AC007D51CE /* MenuBar.swift */; };
		CEC6AF4B2456DA01006B22BB /* UIView+XibUtils.swift in Sources */ = {isa = PBXBuildFile; fileRef = CEC6AF4A2456DA01006B22BB /* UIView+XibUtils.swift */; };
		CEC9C31C242AF2D50082E631 /* UIViewController+Dialog.swift in Sources */ = {isa = PBXBuildFile; fileRef = CEC9C31B242AF2D50082E631 /* UIViewController+Dialog.swift */; };
		CEC9C31E242AFCF60082E631 /* BaseError.swift in Sources */ = {isa = PBXBuildFile; fileRef = CEC9C31D242AFCF60082E631 /* BaseError.swift */; };
		CEC9C320242B0A150082E631 /* UIViewController+Keyboard.swift in Sources */ = {isa = PBXBuildFile; fileRef = CEC9C31F242B0A150082E631 /* UIViewController+Keyboard.swift */; };
		CECB37352429916200C92687 /* UIView+StateUtils.swift in Sources */ = {isa = PBXBuildFile; fileRef = CECB37342429916200C92687 /* UIView+StateUtils.swift */; };
		CECB37372429B1EB00C92687 /* DispatchQueue+Utils.swift in Sources */ = {isa = PBXBuildFile; fileRef = CECB37362429B1EB00C92687 /* DispatchQueue+Utils.swift */; };
		CECB37392429B52400C92687 /* Swizzlling.swift in Sources */ = {isa = PBXBuildFile; fileRef = CECB37382429B52400C92687 /* Swizzlling.swift */; };
		CECB373C2429F44100C92687 /* WeakObjectContainer.swift in Sources */ = {isa = PBXBuildFile; fileRef = CECB373B2429F44100C92687 /* WeakObjectContainer.swift */; };
		CED1DFC5243DC8C700236BC1 /* UICollectionView+Utils.swift in Sources */ = {isa = PBXBuildFile; fileRef = CED1DFC4243DC8C700236BC1 /* UICollectionView+Utils.swift */; };
		CED4CB6F245177C700369B04 /* UIView+NavigationBarUtils.swift in Sources */ = {isa = PBXBuildFile; fileRef = CED4CB6E245177C700369B04 /* UIView+NavigationBarUtils.swift */; };
		CED4CB712451839000369B04 /* UINavigationItem+Utils.swift in Sources */ = {isa = PBXBuildFile; fileRef = CED4CB702451839000369B04 /* UINavigationItem+Utils.swift */; };
		CED4CB73245186B800369B04 /* ConversionUtils.swift in Sources */ = {isa = PBXBuildFile; fileRef = CED4CB72245186B800369B04 /* ConversionUtils.swift */; };
		CED4CB7524519F7100369B04 /* UIViewController+EmptyView.swift in Sources */ = {isa = PBXBuildFile; fileRef = CED4CB7424519F7100369B04 /* UIViewController+EmptyView.swift */; };
		CED4CB772451A01500369B04 /* UIScrollView+EmptyView.swift in Sources */ = {isa = PBXBuildFile; fileRef = CED4CB762451A01500369B04 /* UIScrollView+EmptyView.swift */; };
		CED98AC724498BF300F3353F /* UIView+ Geometry.swift in Sources */ = {isa = PBXBuildFile; fileRef = CED98AC624498BF300F3353F /* UIView+ Geometry.swift */; };
		CED98AC92449B66700F3353F /* PopoverMenu.swift in Sources */ = {isa = PBXBuildFile; fileRef = CED98AC82449B66700F3353F /* PopoverMenu.swift */; };
		CEDAEEF12431EB7F00F03100 /* RefreshControl.swift in Sources */ = {isa = PBXBuildFile; fileRef = CEDAEEF02431EB7F00F03100 /* RefreshControl.swift */; };
		CEDAEEF32431EEB000F03100 /* DefaultRefreshControl.swift in Sources */ = {isa = PBXBuildFile; fileRef = CEDAEEF22431EEB000F03100 /* DefaultRefreshControl.swift */; };
		CEDAEEF52431F36D00F03100 /* UIScrollView+Refresh.swift in Sources */ = {isa = PBXBuildFile; fileRef = CEDAEEF42431F36C00F03100 /* UIScrollView+Refresh.swift */; };
		CEDB8D612461119F0056A3F6 /* Date+Utils.swift in Sources */ = {isa = PBXBuildFile; fileRef = CEDB8D602461119F0056A3F6 /* Date+Utils.swift */; };
/* End PBXBuildFile section */

/* Begin PBXCopyFilesBuildPhase section */
		CE9E4C1623D062A300C0F63D /* CopyFiles */ = {
			isa = PBXCopyFilesBuildPhase;
			buildActionMask = 2147483647;
			dstPath = "include/$(PRODUCT_NAME)";
			dstSubfolderSpec = 16;
			files = (
			);
			runOnlyForDeploymentPostprocessing = 0;
		};
/* End PBXCopyFilesBuildPhase section */

/* Begin PBXFileReference section */
		3B3029981CD3205D76C06BCE /* Pods-GliKitSwift.debug.xcconfig */ = {isa = PBXFileReference; includeInIndex = 1; lastKnownFileType = text.xcconfig; name = "Pods-GliKitSwift.debug.xcconfig"; path = "Target Support Files/Pods-GliKitSwift/Pods-GliKitSwift.debug.xcconfig"; sourceTree = "<group>"; };
		7600BFF31AC3917776A2AD5D /* Pods-GliKitSwift.release.xcconfig */ = {isa = PBXFileReference; includeInIndex = 1; lastKnownFileType = text.xcconfig; name = "Pods-GliKitSwift.release.xcconfig"; path = "Target Support Files/Pods-GliKitSwift/Pods-GliKitSwift.release.xcconfig"; sourceTree = "<group>"; };
		CE0594C02436C53900510AD2 /* NSAttributedString+Utils.swift */ = {isa = PBXFileReference; lastKnownFileType = sourcecode.swift; path = "NSAttributedString+Utils.swift"; sourceTree = "<group>"; };
		CE0594C22437121900510AD2 /* TabMenuBarCell.swift */ = {isa = PBXFileReference; lastKnownFileType = sourcecode.swift; path = TabMenuBarCell.swift; sourceTree = "<group>"; };
		CE0594C42437137B00510AD2 /* Divider.swift */ = {isa = PBXFileReference; lastKnownFileType = sourcecode.swift; path = Divider.swift; sourceTree = "<group>"; };
		CE0594C62437146200510AD2 /* UIView+AutoLayout.swift */ = {isa = PBXFileReference; lastKnownFileType = sourcecode.swift; path = "UIView+AutoLayout.swift"; sourceTree = "<group>"; };
		CE0594C824373D5D00510AD2 /* TabMenuBar.swift */ = {isa = PBXFileReference; lastKnownFileType = sourcecode.swift; path = TabMenuBar.swift; sourceTree = "<group>"; };
		CE160E1C242462BD008E7392 /* NavigationItemHelper.swift */ = {isa = PBXFileReference; lastKnownFileType = sourcecode.swift; path = NavigationItemHelper.swift; sourceTree = "<group>"; };
		CE160E1E242471E7008E7392 /* BaseViewModel.swift */ = {isa = PBXFileReference; lastKnownFileType = sourcecode.swift; path = BaseViewModel.swift; sourceTree = "<group>"; };
		CE160E202424A350008E7392 /* BaseNavigationController.swift */ = {isa = PBXFileReference; lastKnownFileType = sourcecode.swift; path = BaseNavigationController.swift; sourceTree = "<group>"; };
		CE2A23E924F5F680004C5E66 /* PageView.swift */ = {isa = PBXFileReference; lastKnownFileType = sourcecode.swift; path = PageView.swift; sourceTree = "<group>"; };
		CE2A23EC24F60520004C5E66 /* NeedLayoutWrapper.swift */ = {isa = PBXFileReference; lastKnownFileType = sourcecode.swift; path = NeedLayoutWrapper.swift; sourceTree = "<group>"; };
		CE2A23EE24F60570004C5E66 /* RangeWrapper.swift */ = {isa = PBXFileReference; lastKnownFileType = sourcecode.swift; path = RangeWrapper.swift; sourceTree = "<group>"; };
		CE3E8C1E24C54F48001A66EC /* BannerView.swift */ = {isa = PBXFileReference; lastKnownFileType = sourcecode.swift; path = BannerView.swift; sourceTree = "<group>"; };
		CE3E8C2024C56F07001A66EC /* CountDownTimer.swift */ = {isa = PBXFileReference; lastKnownFileType = sourcecode.swift; path = CountDownTimer.swift; sourceTree = "<group>"; };
		CE416DC924F7415C0078A4FB /* AlertProps.swift */ = {isa = PBXFileReference; lastKnownFileType = sourcecode.swift; path = AlertProps.swift; sourceTree = "<group>"; };
		CE416DCB24F786FD0078A4FB /* AlertAction.swift */ = {isa = PBXFileReference; lastKnownFileType = sourcecode.swift; path = AlertAction.swift; sourceTree = "<group>"; };
		CE416DCF24F78CEF0078A4FB /* AlertHeader.swift */ = {isa = PBXFileReference; lastKnownFileType = sourcecode.swift; path = AlertHeader.swift; sourceTree = "<group>"; };
		CE416DD124F78E460078A4FB /* AlertCell.swift */ = {isa = PBXFileReference; lastKnownFileType = sourcecode.swift; path = AlertCell.swift; sourceTree = "<group>"; };
		CE416DD324F78F9A0078A4FB /* AlertController.swift */ = {isa = PBXFileReference; lastKnownFileType = sourcecode.swift; path = AlertController.swift; sourceTree = "<group>"; };
		CE416DD524F79C280078A4FB /* UIImage+Utils.swift */ = {isa = PBXFileReference; lastKnownFileType = sourcecode.swift; path = "UIImage+Utils.swift"; sourceTree = "<group>"; };
		CE52B0C92435E81D00B85D8D /* MenuBarItem.swift */ = {isa = PBXFileReference; lastKnownFileType = sourcecode.swift; path = MenuBarItem.swift; sourceTree = "<group>"; };
		CE52B0CB2435F2DB00B85D8D /* TabMenuBarItem.swift */ = {isa = PBXFileReference; lastKnownFileType = sourcecode.swift; path = TabMenuBarItem.swift; sourceTree = "<group>"; };
		CE52B0CE2435F39800B85D8D /* Button.swift */ = {isa = PBXFileReference; lastKnownFileType = sourcecode.swift; path = Button.swift; sourceTree = "<group>"; };
		CE58C65924527796006A654E /* UITableView+EmptyView.swift */ = {isa = PBXFileReference; lastKnownFileType = sourcecode.swift; path = "UITableView+EmptyView.swift"; sourceTree = "<group>"; };
		CE58C66A2452D0E2006A654E /* UICollectionView+EmptyView.swift */ = {isa = PBXFileReference; lastKnownFileType = sourcecode.swift; path = "UICollectionView+EmptyView.swift"; sourceTree = "<group>"; };
		CE58C66C2452EFC8006A654E /* UIApplication+Utils.swift */ = {isa = PBXFileReference; lastKnownFileType = sourcecode.swift; path = "UIApplication+Utils.swift"; sourceTree = "<group>"; };
		CE6996E423D7E0D500A99469 /* PartialPresentTransitionDelegate.swift */ = {isa = PBXFileReference; lastKnownFileType = sourcecode.swift; path = PartialPresentTransitionDelegate.swift; sourceTree = "<group>"; };
		CE6996E623D7EC2C00A99469 /* PartialPresentationController.swift */ = {isa = PBXFileReference; lastKnownFileType = sourcecode.swift; path = PartialPresentationController.swift; sourceTree = "<group>"; };
		CE6996E823D7F27B00A99469 /* PartialPresentTransitionAnimator.swift */ = {isa = PBXFileReference; lastKnownFileType = sourcecode.swift; path = PartialPresentTransitionAnimator.swift; sourceTree = "<group>"; };
		CE6996EA23D81ED100A99469 /* UIViewControlelr+Transition.swift */ = {isa = PBXFileReference; lastKnownFileType = sourcecode.swift; path = "UIViewControlelr+Transition.swift"; sourceTree = "<group>"; };
		CE6996EC23D822AE00A99469 /* UIView+Utils.swift */ = {isa = PBXFileReference; lastKnownFileType = sourcecode.swift; path = "UIView+Utils.swift"; sourceTree = "<group>"; };
		CE6996EE23D8235E00A99469 /* NSObject+Utils.swift */ = {isa = PBXFileReference; lastKnownFileType = sourcecode.swift; path = "NSObject+Utils.swift"; sourceTree = "<group>"; };
		CE6996F023D825E900A99469 /* UIViewController+Utils.swift */ = {isa = PBXFileReference; lastKnownFileType = sourcecode.swift; path = "UIViewController+Utils.swift"; sourceTree = "<group>"; };
		CE77FFFC2539A42F00AACB9B /* UITableView+RowHeight.swift */ = {isa = PBXFileReference; lastKnownFileType = sourcecode.swift; path = "UITableView+RowHeight.swift"; sourceTree = "<group>"; };
		CE77FFFF2539AC9F00AACB9B /* UICollectionView+ItemSize.swift */ = {isa = PBXFileReference; lastKnownFileType = sourcecode.swift; path = "UICollectionView+ItemSize.swift"; sourceTree = "<group>"; };
		CE96AD2B243C0E1600A4FBAA /* Popover.swift */ = {isa = PBXFileReference; lastKnownFileType = sourcecode.swift; path = Popover.swift; sourceTree = "<group>"; };
		CE9E4C1823D062A300C0F63D /* libGliKitSwift.a */ = {isa = PBXFileReference; explicitFileType = archive.ar; includeInIndex = 0; path = libGliKitSwift.a; sourceTree = BUILT_PRODUCTS_DIR; };
		CE9E4C1B23D062A300C0F63D /* GliKitSwift.swift */ = {isa = PBXFileReference; lastKnownFileType = sourcecode.swift; path = GliKitSwift.swift; sourceTree = "<group>"; };
		CE9E4C2923D0648C00C0F63D /* BaseContainer.swift */ = {isa = PBXFileReference; lastKnownFileType = sourcecode.swift; path = BaseContainer.swift; sourceTree = "<group>"; };
		CE9E4C6723D071ED00C0F63D /* BaseViewController.swift */ = {isa = PBXFileReference; lastKnownFileType = sourcecode.swift; path = BaseViewController.swift; sourceTree = "<group>"; };
		CEA2CA3523D6856300826D29 /* UIViewController+Loading.swift */ = {isa = PBXFileReference; lastKnownFileType = sourcecode.swift; path = "UIViewController+Loading.swift"; sourceTree = "<group>"; };
		CEA66561242D9BA0003D8E71 /* JSONSerialization+Utils.swift */ = {isa = PBXFileReference; lastKnownFileType = sourcecode.swift; path = "JSONSerialization+Utils.swift"; sourceTree = "<group>"; };
		CEA6656A242DE544003D8E71 /* DataControl.swift */ = {isa = PBXFileReference; lastKnownFileType = sourcecode.swift; path = DataControl.swift; sourceTree = "<group>"; };
		CEA6656C242DF35C003D8E71 /* LoadMoreControl.swift */ = {isa = PBXFileReference; lastKnownFileType = sourcecode.swift; path = LoadMoreControl.swift; sourceTree = "<group>"; };
		CEA6656E242E0867003D8E71 /* DefaultLoadMoreControl.swift */ = {isa = PBXFileReference; lastKnownFileType = sourcecode.swift; path = DefaultLoadMoreControl.swift; sourceTree = "<group>"; };
		CEAE532B23D14EDC0073882E /* UIViewController+SafeAreaCompatible.swift */ = {isa = PBXFileReference; lastKnownFileType = sourcecode.swift; path = "UIViewController+SafeAreaCompatible.swift"; sourceTree = "<group>"; };
		CEAE532D23D158BB0073882E /* NavigationBar.swift */ = {isa = PBXFileReference; lastKnownFileType = sourcecode.swift; path = NavigationBar.swift; sourceTree = "<group>"; };
		CEAE533023D159910073882E /* UIColor+Theme.swift */ = {isa = PBXFileReference; lastKnownFileType = sourcecode.swift; path = "UIColor+Theme.swift"; sourceTree = "<group>"; };
		CEAE533323D1A6950073882E /* UIColor+Utils.swift */ = {isa = PBXFileReference; lastKnownFileType = sourcecode.swift; path = "UIColor+Utils.swift"; sourceTree = "<group>"; };
		CEAE533523D1B3C50073882E /* String+Utils.swift */ = {isa = PBXFileReference; lastKnownFileType = sourcecode.swift; path = "String+Utils.swift"; sourceTree = "<group>"; };
		CEB6D2C323D3ED7000457164 /* UIApplication+Theme.swift */ = {isa = PBXFileReference; lastKnownFileType = sourcecode.swift; path = "UIApplication+Theme.swift"; sourceTree = "<group>"; };
		CEB6D2C523D3F08700457164 /* UIFont+Theme.swift */ = {isa = PBXFileReference; lastKnownFileType = sourcecode.swift; path = "UIFont+Theme.swift"; sourceTree = "<group>"; };
		CEB6D2C723D3F0CD00457164 /* UIImage+Theme.swift */ = {isa = PBXFileReference; lastKnownFileType = sourcecode.swift; path = "UIImage+Theme.swift"; sourceTree = "<group>"; };
		CEB6D2C923D3F9BA00457164 /* SystemNavigationBar.swift */ = {isa = PBXFileReference; lastKnownFileType = sourcecode.swift; path = SystemNavigationBar.swift; sourceTree = "<group>"; };
		CEB6D2CC23D3FAD600457164 /* HttpTask.swift */ = {isa = PBXFileReference; lastKnownFileType = sourcecode.swift; path = HttpTask.swift; sourceTree = "<group>"; };
		CEB6D2CE23D440E900457164 /* HttpError.swift */ = {isa = PBXFileReference; lastKnownFileType = sourcecode.swift; path = HttpError.swift; sourceTree = "<group>"; };
		CEB6D2D123D444CE00457164 /* Log.swift */ = {isa = PBXFileReference; lastKnownFileType = sourcecode.swift; path = Log.swift; sourceTree = "<group>"; };
		CEB6D2D323D44EDA00457164 /* ThreadUtils.swift */ = {isa = PBXFileReference; lastKnownFileType = sourcecode.swift; path = ThreadUtils.swift; sourceTree = "<group>"; };
		CEB6D2D523D45B6D00457164 /* HttpMultiTasks.swift */ = {isa = PBXFileReference; lastKnownFileType = sourcecode.swift; path = HttpMultiTasks.swift; sourceTree = "<group>"; };
		CEBE0959244ED5EA0016EEFA /* UITableView+Utils.swift */ = {isa = PBXFileReference; lastKnownFileType = sourcecode.swift; path = "UITableView+Utils.swift"; sourceTree = "<group>"; };
		CEBE095B244EEC160016EEFA /* TableViewController.swift */ = {isa = PBXFileReference; lastKnownFileType = sourcecode.swift; path = TableViewController.swift; sourceTree = "<group>"; };
		CEBE095D244EF1E50016EEFA /* CollectionViewController.swift */ = {isa = PBXFileReference; lastKnownFileType = sourcecode.swift; path = CollectionViewController.swift; sourceTree = "<group>"; };
		CEBE0962244EF7870016EEFA /* EmptyView.swift */ = {isa = PBXFileReference; lastKnownFileType = sourcecode.swift; path = EmptyView.swift; sourceTree = "<group>"; };
		CEBE0964244EFDAD0016EEFA /* UIView+EmptyView.swift */ = {isa = PBXFileReference; lastKnownFileType = sourcecode.swift; path = "UIView+EmptyView.swift"; sourceTree = "<group>"; };
		CEBEB51E23D54336000B8CBF /* Collection+Utils.swift */ = {isa = PBXFileReference; lastKnownFileType = sourcecode.swift; path = "Collection+Utils.swift"; sourceTree = "<group>"; };
		CEBEB52323D54BB4000B8CBF /* PageLoadingContainer.swift */ = {isa = PBXFileReference; lastKnownFileType = sourcecode.swift; path = PageLoadingContainer.swift; sourceTree = "<group>"; };
		CEBEB52523D55F7A000B8CBF /* ProgressHUD.swift */ = {isa = PBXFileReference; lastKnownFileType = sourcecode.swift; path = ProgressHUD.swift; sourceTree = "<group>"; };
		CEBEB52723D58CC7000B8CBF /* Rect+Utils.swift */ = {isa = PBXFileReference; lastKnownFileType = sourcecode.swift; path = "Rect+Utils.swift"; sourceTree = "<group>"; };
		CEBEB52923D59564000B8CBF /* UIView+Loading.swift */ = {isa = PBXFileReference; lastKnownFileType = sourcecode.swift; path = "UIView+Loading.swift"; sourceTree = "<group>"; };
		CEBEB52C23D5AB48000B8CBF /* KeyboardHelper.swift */ = {isa = PBXFileReference; lastKnownFileType = sourcecode.swift; path = KeyboardHelper.swift; sourceTree = "<group>"; };
		CEC478FA24344703007D51CE /* ScrollViewController.swift */ = {isa = PBXFileReference; lastKnownFileType = sourcecode.swift; path = ScrollViewController.swift; sourceTree = "<group>"; };
		CEC478FC243475CE007D51CE /* ScrollViewModel.swift */ = {isa = PBXFileReference; lastKnownFileType = sourcecode.swift; path = ScrollViewModel.swift; sourceTree = "<group>"; };
		CEC478FE24348128007D51CE /* PageViewController.swift */ = {isa = PBXFileReference; lastKnownFileType = sourcecode.swift; path = PageViewController.swift; sourceTree = "<group>"; };
		CEC47901243481AC007D51CE /* MenuBar.swift */ = {isa = PBXFileReference; lastKnownFileType = sourcecode.swift; path = MenuBar.swift; sourceTree = "<group>"; };
		CEC6AF4A2456DA01006B22BB /* UIView+XibUtils.swift */ = {isa = PBXFileReference; lastKnownFileType = sourcecode.swift; path = "UIView+XibUtils.swift"; sourceTree = "<group>"; };
		CEC9C31B242AF2D50082E631 /* UIViewController+Dialog.swift */ = {isa = PBXFileReference; lastKnownFileType = sourcecode.swift; path = "UIViewController+Dialog.swift"; sourceTree = "<group>"; };
		CEC9C31D242AFCF60082E631 /* BaseError.swift */ = {isa = PBXFileReference; lastKnownFileType = sourcecode.swift; path = BaseError.swift; sourceTree = "<group>"; };
		CEC9C31F242B0A150082E631 /* UIViewController+Keyboard.swift */ = {isa = PBXFileReference; lastKnownFileType = sourcecode.swift; path = "UIViewController+Keyboard.swift"; sourceTree = "<group>"; };
		CECB37342429916200C92687 /* UIView+StateUtils.swift */ = {isa = PBXFileReference; lastKnownFileType = sourcecode.swift; path = "UIView+StateUtils.swift"; sourceTree = "<group>"; };
		CECB37362429B1EB00C92687 /* DispatchQueue+Utils.swift */ = {isa = PBXFileReference; lastKnownFileType = sourcecode.swift; path = "DispatchQueue+Utils.swift"; sourceTree = "<group>"; };
		CECB37382429B52400C92687 /* Swizzlling.swift */ = {isa = PBXFileReference; lastKnownFileType = sourcecode.swift; path = Swizzlling.swift; sourceTree = "<group>"; };
		CECB373B2429F44100C92687 /* WeakObjectContainer.swift */ = {isa = PBXFileReference; lastKnownFileType = sourcecode.swift; path = WeakObjectContainer.swift; sourceTree = "<group>"; };
		CED1DFC4243DC8C700236BC1 /* UICollectionView+Utils.swift */ = {isa = PBXFileReference; lastKnownFileType = sourcecode.swift; path = "UICollectionView+Utils.swift"; sourceTree = "<group>"; };
		CED4CB6E245177C700369B04 /* UIView+NavigationBarUtils.swift */ = {isa = PBXFileReference; lastKnownFileType = sourcecode.swift; path = "UIView+NavigationBarUtils.swift"; sourceTree = "<group>"; };
		CED4CB702451839000369B04 /* UINavigationItem+Utils.swift */ = {isa = PBXFileReference; lastKnownFileType = sourcecode.swift; path = "UINavigationItem+Utils.swift"; sourceTree = "<group>"; };
		CED4CB72245186B800369B04 /* ConversionUtils.swift */ = {isa = PBXFileReference; lastKnownFileType = sourcecode.swift; path = ConversionUtils.swift; sourceTree = "<group>"; };
		CED4CB7424519F7100369B04 /* UIViewController+EmptyView.swift */ = {isa = PBXFileReference; lastKnownFileType = sourcecode.swift; path = "UIViewController+EmptyView.swift"; sourceTree = "<group>"; };
		CED4CB762451A01500369B04 /* UIScrollView+EmptyView.swift */ = {isa = PBXFileReference; lastKnownFileType = sourcecode.swift; path = "UIScrollView+EmptyView.swift"; sourceTree = "<group>"; };
		CED98AC624498BF300F3353F /* UIView+ Geometry.swift */ = {isa = PBXFileReference; lastKnownFileType = sourcecode.swift; path = "UIView+ Geometry.swift"; sourceTree = "<group>"; };
		CED98AC82449B66700F3353F /* PopoverMenu.swift */ = {isa = PBXFileReference; lastKnownFileType = sourcecode.swift; path = PopoverMenu.swift; sourceTree = "<group>"; };
		CEDAEEF02431EB7F00F03100 /* RefreshControl.swift */ = {isa = PBXFileReference; lastKnownFileType = sourcecode.swift; path = RefreshControl.swift; sourceTree = "<group>"; };
		CEDAEEF22431EEB000F03100 /* DefaultRefreshControl.swift */ = {isa = PBXFileReference; lastKnownFileType = sourcecode.swift; path = DefaultRefreshControl.swift; sourceTree = "<group>"; };
		CEDAEEF42431F36C00F03100 /* UIScrollView+Refresh.swift */ = {isa = PBXFileReference; lastKnownFileType = sourcecode.swift; path = "UIScrollView+Refresh.swift"; sourceTree = "<group>"; };
		CEDB8D602461119F0056A3F6 /* Date+Utils.swift */ = {isa = PBXFileReference; lastKnownFileType = sourcecode.swift; path = "Date+Utils.swift"; sourceTree = "<group>"; };
		DF016891A7E05E1EDD44C01C /* Pods_GliKitSwift.framework */ = {isa = PBXFileReference; explicitFileType = wrapper.framework; includeInIndex = 0; path = Pods_GliKitSwift.framework; sourceTree = BUILT_PRODUCTS_DIR; };
/* End PBXFileReference section */

/* Begin PBXFrameworksBuildPhase section */
		CE9E4C1523D062A300C0F63D /* Frameworks */ = {
			isa = PBXFrameworksBuildPhase;
			buildActionMask = 2147483647;
			files = (
				AA28FDD71423CE27F89606EC /* Pods_GliKitSwift.framework in Frameworks */,
			);
			runOnlyForDeploymentPostprocessing = 0;
		};
/* End PBXFrameworksBuildPhase section */

/* Begin PBXGroup section */
		359451DB8A7FA36854EE157B /* Pods */ = {
			isa = PBXGroup;
			children = (
				3B3029981CD3205D76C06BCE /* Pods-GliKitSwift.debug.xcconfig */,
				7600BFF31AC3917776A2AD5D /* Pods-GliKitSwift.release.xcconfig */,
			);
			path = Pods;
			sourceTree = "<group>";
		};
		CE2A23EB24F6050C004C5E66 /* Wrapper */ = {
			isa = PBXGroup;
			children = (
				CE2A23EC24F60520004C5E66 /* NeedLayoutWrapper.swift */,
				CE2A23EE24F60570004C5E66 /* RangeWrapper.swift */,
			);
			path = Wrapper;
			sourceTree = "<group>";
		};
		CE416DC524F741330078A4FB /* Alert */ = {
			isa = PBXGroup;
			children = (
				CE416DC624F741330078A4FB /* Controller */,
				CE416DC724F741330078A4FB /* Model */,
				CE416DC824F741330078A4FB /* View */,
			);
			path = Alert;
			sourceTree = "<group>";
		};
		CE416DC624F741330078A4FB /* Controller */ = {
			isa = PBXGroup;
			children = (
				CE416DD324F78F9A0078A4FB /* AlertController.swift */,
			);
			path = Controller;
			sourceTree = "<group>";
		};
		CE416DC724F741330078A4FB /* Model */ = {
			isa = PBXGroup;
			children = (
				CE416DC924F7415C0078A4FB /* AlertProps.swift */,
				CE416DCB24F786FD0078A4FB /* AlertAction.swift */,
			);
			path = Model;
			sourceTree = "<group>";
		};
		CE416DC824F741330078A4FB /* View */ = {
			isa = PBXGroup;
			children = (
				CE416DCF24F78CEF0078A4FB /* AlertHeader.swift */,
				CE416DD124F78E460078A4FB /* AlertCell.swift */,
			);
			path = View;
			sourceTree = "<group>";
		};
		CE52B0CD2435F38D00B85D8D /* Widget */ = {
			isa = PBXGroup;
			children = (
				CE52B0CE2435F39800B85D8D /* Button.swift */,
				CE0594C42437137B00510AD2 /* Divider.swift */,
				CE3E8C1E24C54F48001A66EC /* BannerView.swift */,
				CE2A23E924F5F680004C5E66 /* PageView.swift */,
			);
			path = Widget;
			sourceTree = "<group>";
		};
		CE6996E323D7E0B700A99469 /* Transition */ = {
			isa = PBXGroup;
			children = (
				CE6996E423D7E0D500A99469 /* PartialPresentTransitionDelegate.swift */,
				CE6996E623D7EC2C00A99469 /* PartialPresentationController.swift */,
				CE6996E823D7F27B00A99469 /* PartialPresentTransitionAnimator.swift */,
				CE6996EA23D81ED100A99469 /* UIViewControlelr+Transition.swift */,
			);
			path = Transition;
			sourceTree = "<group>";
		};
		CE9E4C0F23D062A300C0F63D = {
			isa = PBXGroup;
			children = (
				CE9E4C1A23D062A300C0F63D /* GliKitSwift */,
				CE9E4C1923D062A300C0F63D /* Products */,
				359451DB8A7FA36854EE157B /* Pods */,
				F7878A2AFB7A54C192ADEDC2 /* Frameworks */,
			);
			sourceTree = "<group>";
		};
		CE9E4C1923D062A300C0F63D /* Products */ = {
			isa = PBXGroup;
			children = (
				CE9E4C1823D062A300C0F63D /* libGliKitSwift.a */,
			);
			name = Products;
			sourceTree = "<group>";
		};
		CE9E4C1A23D062A300C0F63D /* GliKitSwift */ = {
			isa = PBXGroup;
			children = (
				CE416DC524F741330078A4FB /* Alert */,
				CE2A23EB24F6050C004C5E66 /* Wrapper */,
				CEBE095F244EF76E0016EEFA /* EmptyView */,
				CE52B0CD2435F38D00B85D8D /* Widget */,
				CEC4790024348197007D51CE /* Menu */,
				CEB6D2CB23D3FABD00457164 /* Api */,
				CE9E4C2223D063D000C0F63D /* Base */,
				CEAE533223D1A6830073882E /* Category */,
				CE9E4C1B23D062A300C0F63D /* GliKitSwift.swift */,
				CEBEB52023D54B9D000B8CBF /* Loading */,
				CECB373A2429F43100C92687 /* Other */,
				CEB6D2D023D444A800457164 /* Public */,
				CEA66567242DE4EB003D8E71 /* Refresh */,
				CEAE532F23D159700073882E /* Theme */,
				CE6996E323D7E0B700A99469 /* Transition */,
				CEBEB52B23D5AB3D000B8CBF /* Utils */,
			);
			path = GliKitSwift;
			sourceTree = "<group>";
		};
		CE9E4C2223D063D000C0F63D /* Base */ = {
			isa = PBXGroup;
			children = (
				CE9E4C2323D063D000C0F63D /* ViewModel */,
				CE9E4C2423D063D000C0F63D /* CollectionViewLayout */,
				CE9E4C2523D063D000C0F63D /* Category */,
				CE9E4C2623D063D000C0F63D /* Utils */,
				CE9E4C2723D063D000C0F63D /* Controller */,
				CE9E4C2823D063D000C0F63D /* View */,
			);
			path = Base;
			sourceTree = "<group>";
		};
		CE9E4C2323D063D000C0F63D /* ViewModel */ = {
			isa = PBXGroup;
			children = (
				CE160E1E242471E7008E7392 /* BaseViewModel.swift */,
				CEC478FC243475CE007D51CE /* ScrollViewModel.swift */,
			);
			path = ViewModel;
			sourceTree = "<group>";
		};
		CE9E4C2423D063D000C0F63D /* CollectionViewLayout */ = {
			isa = PBXGroup;
			children = (
			);
			path = CollectionViewLayout;
			sourceTree = "<group>";
		};
		CE9E4C2523D063D000C0F63D /* Category */ = {
			isa = PBXGroup;
			children = (
				CEAE532B23D14EDC0073882E /* UIViewController+SafeAreaCompatible.swift */,
				CE6996EC23D822AE00A99469 /* UIView+Utils.swift */,
				CE6996F023D825E900A99469 /* UIViewController+Utils.swift */,
				CEC9C31B242AF2D50082E631 /* UIViewController+Dialog.swift */,
				CEC9C31F242B0A150082E631 /* UIViewController+Keyboard.swift */,
				CE0594C62437146200510AD2 /* UIView+AutoLayout.swift */,
				CED1DFC4243DC8C700236BC1 /* UICollectionView+Utils.swift */,
				CED98AC624498BF300F3353F /* UIView+ Geometry.swift */,
				CEBE0959244ED5EA0016EEFA /* UITableView+Utils.swift */,
				CED4CB6E245177C700369B04 /* UIView+NavigationBarUtils.swift */,
				CED4CB702451839000369B04 /* UINavigationItem+Utils.swift */,
				CEC6AF4A2456DA01006B22BB /* UIView+XibUtils.swift */,
				CE77FFFC2539A42F00AACB9B /* UITableView+RowHeight.swift */,
				CE77FFFF2539AC9F00AACB9B /* UICollectionView+ItemSize.swift */,
			);
			path = Category;
			sourceTree = "<group>";
		};
		CE9E4C2623D063D000C0F63D /* Utils */ = {
			isa = PBXGroup;
			children = (
				CE160E1C242462BD008E7392 /* NavigationItemHelper.swift */,
				CECB37382429B52400C92687 /* Swizzlling.swift */,
				CEC9C31D242AFCF60082E631 /* BaseError.swift */,
			);
			path = Utils;
			sourceTree = "<group>";
		};
		CE9E4C2723D063D000C0F63D /* Controller */ = {
			isa = PBXGroup;
			children = (
				CE9E4C6723D071ED00C0F63D /* BaseViewController.swift */,
				CE160E202424A350008E7392 /* BaseNavigationController.swift */,
				CEC478FA24344703007D51CE /* ScrollViewController.swift */,
				CEC478FE24348128007D51CE /* PageViewController.swift */,
				CEBE095B244EEC160016EEFA /* TableViewController.swift */,
				CEBE095D244EF1E50016EEFA /* CollectionViewController.swift */,
			);
			path = Controller;
			sourceTree = "<group>";
		};
		CE9E4C2823D063D000C0F63D /* View */ = {
			isa = PBXGroup;
			children = (
				CE9E4C2923D0648C00C0F63D /* BaseContainer.swift */,
				CEAE532D23D158BB0073882E /* NavigationBar.swift */,
				CEB6D2C923D3F9BA00457164 /* SystemNavigationBar.swift */,
			);
			path = View;
			sourceTree = "<group>";
		};
		CEA66567242DE4EB003D8E71 /* Refresh */ = {
			isa = PBXGroup;
			children = (
				CEA66568242DE4EB003D8E71 /* Category */,
				CEA66569242DE4EB003D8E71 /* View */,
			);
			path = Refresh;
			sourceTree = "<group>";
		};
		CEA66568242DE4EB003D8E71 /* Category */ = {
			isa = PBXGroup;
			children = (
				CEDAEEF42431F36C00F03100 /* UIScrollView+Refresh.swift */,
			);
			path = Category;
			sourceTree = "<group>";
		};
		CEA66569242DE4EB003D8E71 /* View */ = {
			isa = PBXGroup;
			children = (
				CEA6656A242DE544003D8E71 /* DataControl.swift */,
				CEA6656C242DF35C003D8E71 /* LoadMoreControl.swift */,
				CEA6656E242E0867003D8E71 /* DefaultLoadMoreControl.swift */,
				CEDAEEF02431EB7F00F03100 /* RefreshControl.swift */,
				CEDAEEF22431EEB000F03100 /* DefaultRefreshControl.swift */,
			);
			path = View;
			sourceTree = "<group>";
		};
		CEAE532F23D159700073882E /* Theme */ = {
			isa = PBXGroup;
			children = (
				CEAE533023D159910073882E /* UIColor+Theme.swift */,
				CEB6D2C323D3ED7000457164 /* UIApplication+Theme.swift */,
				CEB6D2C523D3F08700457164 /* UIFont+Theme.swift */,
				CEB6D2C723D3F0CD00457164 /* UIImage+Theme.swift */,
			);
			path = Theme;
			sourceTree = "<group>";
		};
		CEAE533223D1A6830073882E /* Category */ = {
			isa = PBXGroup;
			children = (
				CEAE533323D1A6950073882E /* UIColor+Utils.swift */,
				CEAE533523D1B3C50073882E /* String+Utils.swift */,
				CEBEB51E23D54336000B8CBF /* Collection+Utils.swift */,
				CEBEB52723D58CC7000B8CBF /* Rect+Utils.swift */,
				CE6996EE23D8235E00A99469 /* NSObject+Utils.swift */,
				CECB37342429916200C92687 /* UIView+StateUtils.swift */,
				CECB37362429B1EB00C92687 /* DispatchQueue+Utils.swift */,
				CEA66561242D9BA0003D8E71 /* JSONSerialization+Utils.swift */,
				CE0594C02436C53900510AD2 /* NSAttributedString+Utils.swift */,
				CED4CB72245186B800369B04 /* ConversionUtils.swift */,
				CE58C66C2452EFC8006A654E /* UIApplication+Utils.swift */,
				CEDB8D602461119F0056A3F6 /* Date+Utils.swift */,
				CE416DD524F79C280078A4FB /* UIImage+Utils.swift */,
			);
			path = Category;
			sourceTree = "<group>";
		};
		CEB6D2CB23D3FABD00457164 /* Api */ = {
			isa = PBXGroup;
			children = (
				CEB6D2CC23D3FAD600457164 /* HttpTask.swift */,
				CEB6D2CE23D440E900457164 /* HttpError.swift */,
				CEB6D2D523D45B6D00457164 /* HttpMultiTasks.swift */,
			);
			path = Api;
			sourceTree = "<group>";
		};
		CEB6D2D023D444A800457164 /* Public */ = {
			isa = PBXGroup;
			children = (
				CEB6D2D123D444CE00457164 /* Log.swift */,
				CEB6D2D323D44EDA00457164 /* ThreadUtils.swift */,
			);
			path = Public;
			sourceTree = "<group>";
		};
		CEBE095F244EF76E0016EEFA /* EmptyView */ = {
			isa = PBXGroup;
			children = (
				CEBE0960244EF76E0016EEFA /* Category */,
				CEBE0961244EF76E0016EEFA /* View */,
			);
			path = EmptyView;
			sourceTree = "<group>";
		};
		CEBE0960244EF76E0016EEFA /* Category */ = {
			isa = PBXGroup;
			children = (
				CE58C66A2452D0E2006A654E /* UICollectionView+EmptyView.swift */,
				CED4CB762451A01500369B04 /* UIScrollView+EmptyView.swift */,
				CE58C65924527796006A654E /* UITableView+EmptyView.swift */,
				CEBE0964244EFDAD0016EEFA /* UIView+EmptyView.swift */,
				CED4CB7424519F7100369B04 /* UIViewController+EmptyView.swift */,
			);
			path = Category;
			sourceTree = "<group>";
		};
		CEBE0961244EF76E0016EEFA /* View */ = {
			isa = PBXGroup;
			children = (
				CEBE0962244EF7870016EEFA /* EmptyView.swift */,
			);
			path = View;
			sourceTree = "<group>";
		};
		CEBEB52023D54B9D000B8CBF /* Loading */ = {
			isa = PBXGroup;
			children = (
				CEBEB52123D54B9D000B8CBF /* Category */,
				CEBEB52223D54B9D000B8CBF /* View */,
			);
			path = Loading;
			sourceTree = "<group>";
		};
		CEBEB52123D54B9D000B8CBF /* Category */ = {
			isa = PBXGroup;
			children = (
				CEBEB52923D59564000B8CBF /* UIView+Loading.swift */,
				CEA2CA3523D6856300826D29 /* UIViewController+Loading.swift */,
			);
			path = Category;
			sourceTree = "<group>";
		};
		CEBEB52223D54B9D000B8CBF /* View */ = {
			isa = PBXGroup;
			children = (
				CEBEB52323D54BB4000B8CBF /* PageLoadingContainer.swift */,
				CEBEB52523D55F7A000B8CBF /* ProgressHUD.swift */,
			);
			path = View;
			sourceTree = "<group>";
		};
		CEBEB52B23D5AB3D000B8CBF /* Utils */ = {
			isa = PBXGroup;
			children = (
				CEBEB52C23D5AB48000B8CBF /* KeyboardHelper.swift */,
			);
			path = Utils;
			sourceTree = "<group>";
		};
		CEC4790024348197007D51CE /* Menu */ = {
			isa = PBXGroup;
			children = (
				CEC47901243481AC007D51CE /* MenuBar.swift */,
				CE52B0C92435E81D00B85D8D /* MenuBarItem.swift */,
				CE52B0CB2435F2DB00B85D8D /* TabMenuBarItem.swift */,
				CE0594C22437121900510AD2 /* TabMenuBarCell.swift */,
				CE0594C824373D5D00510AD2 /* TabMenuBar.swift */,
				CE96AD2B243C0E1600A4FBAA /* Popover.swift */,
				CED98AC82449B66700F3353F /* PopoverMenu.swift */,
			);
			path = Menu;
			sourceTree = "<group>";
		};
		CECB373A2429F43100C92687 /* Other */ = {
			isa = PBXGroup;
			children = (
				CECB373B2429F44100C92687 /* WeakObjectContainer.swift */,
				CE3E8C2024C56F07001A66EC /* CountDownTimer.swift */,
			);
			path = Other;
			sourceTree = "<group>";
		};
		F7878A2AFB7A54C192ADEDC2 /* Frameworks */ = {
			isa = PBXGroup;
			children = (
				DF016891A7E05E1EDD44C01C /* Pods_GliKitSwift.framework */,
			);
			name = Frameworks;
			sourceTree = "<group>";
		};
/* End PBXGroup section */

/* Begin PBXNativeTarget section */
		CE9E4C1723D062A300C0F63D /* GliKitSwift */ = {
			isa = PBXNativeTarget;
			buildConfigurationList = CE9E4C1F23D062A300C0F63D /* Build configuration list for PBXNativeTarget "GliKitSwift" */;
			buildPhases = (
				20F80A4961DD55DBD79E3292 /* [CP] Check Pods Manifest.lock */,
				CE9E4C1423D062A300C0F63D /* Sources */,
				CE9E4C1523D062A300C0F63D /* Frameworks */,
				CE9E4C1623D062A300C0F63D /* CopyFiles */,
			);
			buildRules = (
			);
			dependencies = (
			);
			name = GliKitSwift;
			productName = GliKitSwift;
			productReference = CE9E4C1823D062A300C0F63D /* libGliKitSwift.a */;
			productType = "com.apple.product-type.library.static";
		};
/* End PBXNativeTarget section */

/* Begin PBXProject section */
		CE9E4C1023D062A300C0F63D /* Project object */ = {
			isa = PBXProject;
			attributes = {
				LastSwiftUpdateCheck = 1130;
				LastUpgradeCheck = 1200;
				ORGANIZATIONNAME = luohaixiong;
				TargetAttributes = {
					CE9E4C1723D062A300C0F63D = {
						CreatedOnToolsVersion = 11.3;
					};
				};
			};
			buildConfigurationList = CE9E4C1323D062A300C0F63D /* Build configuration list for PBXProject "GliKitSwift" */;
			compatibilityVersion = "Xcode 9.3";
			developmentRegion = en;
			hasScannedForEncodings = 0;
			knownRegions = (
				en,
				Base,
			);
			mainGroup = CE9E4C0F23D062A300C0F63D;
			productRefGroup = CE9E4C1923D062A300C0F63D /* Products */;
			projectDirPath = "";
			projectRoot = "";
			targets = (
				CE9E4C1723D062A300C0F63D /* GliKitSwift */,
			);
		};
/* End PBXProject section */

/* Begin PBXShellScriptBuildPhase section */
		20F80A4961DD55DBD79E3292 /* [CP] Check Pods Manifest.lock */ = {
			isa = PBXShellScriptBuildPhase;
			buildActionMask = 2147483647;
			files = (
			);
			inputFileListPaths = (
			);
			inputPaths = (
				"${PODS_PODFILE_DIR_PATH}/Podfile.lock",
				"${PODS_ROOT}/Manifest.lock",
			);
			name = "[CP] Check Pods Manifest.lock";
			outputFileListPaths = (
			);
			outputPaths = (
				"$(DERIVED_FILE_DIR)/Pods-GliKitSwift-checkManifestLockResult.txt",
			);
			runOnlyForDeploymentPostprocessing = 0;
			shellPath = /bin/sh;
			shellScript = "diff \"${PODS_PODFILE_DIR_PATH}/Podfile.lock\" \"${PODS_ROOT}/Manifest.lock\" > /dev/null\nif [ $? != 0 ] ; then\n    # print error to STDERR\n    echo \"error: The sandbox is not in sync with the Podfile.lock. Run 'pod install' or update your CocoaPods installation.\" >&2\n    exit 1\nfi\n# This output is used by Xcode 'outputs' to avoid re-running this script phase.\necho \"SUCCESS\" > \"${SCRIPT_OUTPUT_FILE_0}\"\n";
			showEnvVarsInLog = 0;
		};
/* End PBXShellScriptBuildPhase section */

/* Begin PBXSourcesBuildPhase section */
		CE9E4C1423D062A300C0F63D /* Sources */ = {
			isa = PBXSourcesBuildPhase;
			buildActionMask = 2147483647;
			files = (
				CEBEB52823D58CC7000B8CBF /* Rect+Utils.swift in Sources */,
				CEB6D2C423D3ED7000457164 /* UIApplication+Theme.swift in Sources */,
				CE6996F123D825E900A99469 /* UIViewController+Utils.swift in Sources */,
				CEBEB51F23D54336000B8CBF /* Collection+Utils.swift in Sources */,
				CED98AC724498BF300F3353F /* UIView+ Geometry.swift in Sources */,
				CE96AD2C243C0E1600A4FBAA /* Popover.swift in Sources */,
				CE2A23ED24F60520004C5E66 /* NeedLayoutWrapper.swift in Sources */,
				CE52B0CF2435F39800B85D8D /* Button.swift in Sources */,
				CE6996ED23D822AE00A99469 /* UIView+Utils.swift in Sources */,
				CECB37372429B1EB00C92687 /* DispatchQueue+Utils.swift in Sources */,
				CEDB8D612461119F0056A3F6 /* Date+Utils.swift in Sources */,
				CEA6656B242DE544003D8E71 /* DataControl.swift in Sources */,
				CEDAEEF52431F36D00F03100 /* UIScrollView+Refresh.swift in Sources */,
				CEAE533623D1B3C50073882E /* String+Utils.swift in Sources */,
				CEBE095E244EF1E50016EEFA /* CollectionViewController.swift in Sources */,
				CECB37352429916200C92687 /* UIView+StateUtils.swift in Sources */,
				CE0594C52437137B00510AD2 /* Divider.swift in Sources */,
				CE6996E523D7E0D500A99469 /* PartialPresentTransitionDelegate.swift in Sources */,
				CE416DD224F78E460078A4FB /* AlertCell.swift in Sources */,
				CEB6D2D223D444CE00457164 /* Log.swift in Sources */,
				CECB37392429B52400C92687 /* Swizzlling.swift in Sources */,
				CE58C66B2452D0E2006A654E /* UICollectionView+EmptyView.swift in Sources */,
				CEAE532E23D158BB0073882E /* NavigationBar.swift in Sources */,
				CEC47902243481AC007D51CE /* MenuBar.swift in Sources */,
				CE58C66D2452EFC8006A654E /* UIApplication+Utils.swift in Sources */,
				CE416DCC24F786FD0078A4FB /* AlertAction.swift in Sources */,
				CEA66562242D9BA0003D8E71 /* JSONSerialization+Utils.swift in Sources */,
				CEBEB52423D54BB4000B8CBF /* PageLoadingContainer.swift in Sources */,
				CEDAEEF32431EEB000F03100 /* DefaultRefreshControl.swift in Sources */,
				CEA2CA3623D6856300826D29 /* UIViewController+Loading.swift in Sources */,
				CE77FFFD2539A42F00AACB9B /* UITableView+RowHeight.swift in Sources */,
				CEBE0963244EF7870016EEFA /* EmptyView.swift in Sources */,
				CE52B0CC2435F2DB00B85D8D /* TabMenuBarItem.swift in Sources */,
				CEAE532C23D14EDC0073882E /* UIViewController+SafeAreaCompatible.swift in Sources */,
				CE6996E923D7F27B00A99469 /* PartialPresentTransitionAnimator.swift in Sources */,
				CE58C65A24527796006A654E /* UITableView+EmptyView.swift in Sources */,
				CE416DCA24F7415C0078A4FB /* AlertProps.swift in Sources */,
				CEB6D2D423D44EDA00457164 /* ThreadUtils.swift in Sources */,
				CE52B0CA2435E81D00B85D8D /* MenuBarItem.swift in Sources */,
				CE160E212424A350008E7392 /* BaseNavigationController.swift in Sources */,
				CE416DD024F78CEF0078A4FB /* AlertHeader.swift in Sources */,
				CEA6656D242DF35C003D8E71 /* LoadMoreControl.swift in Sources */,
				CE9E4C2A23D0648C00C0F63D /* BaseContainer.swift in Sources */,
				CEAE533123D159910073882E /* UIColor+Theme.swift in Sources */,
				CEB6D2CA23D3F9BA00457164 /* SystemNavigationBar.swift in Sources */,
				CEC6AF4B2456DA01006B22BB /* UIView+XibUtils.swift in Sources */,
				CEC9C31C242AF2D50082E631 /* UIViewController+Dialog.swift in Sources */,
				CE2A23EA24F5F680004C5E66 /* PageView.swift in Sources */,
				CE7700002539AC9F00AACB9B /* UICollectionView+ItemSize.swift in Sources */,
				CEA6656F242E0867003D8E71 /* DefaultLoadMoreControl.swift in Sources */,
				CEB6D2CD23D3FAD600457164 /* HttpTask.swift in Sources */,
				CEB6D2CF23D440E900457164 /* HttpError.swift in Sources */,
				CEB6D2C823D3F0CD00457164 /* UIImage+Theme.swift in Sources */,
				CED4CB6F245177C700369B04 /* UIView+NavigationBarUtils.swift in Sources */,
				CE0594C12436C53900510AD2 /* NSAttributedString+Utils.swift in Sources */,
				CE160E1D242462BD008E7392 /* NavigationItemHelper.swift in Sources */,
				CE9E4C1C23D062A300C0F63D /* GliKitSwift.swift in Sources */,
				CEDAEEF12431EB7F00F03100 /* RefreshControl.swift in Sources */,
				CE9E4C6823D071ED00C0F63D /* BaseViewController.swift in Sources */,
				CEBEB52D23D5AB48000B8CBF /* KeyboardHelper.swift in Sources */,
				CED98AC92449B66700F3353F /* PopoverMenu.swift in Sources */,
				CEB6D2D623D45B6D00457164 /* HttpMultiTasks.swift in Sources */,
				CEC478FD243475CE007D51CE /* ScrollViewModel.swift in Sources */,
				CEC9C320242B0A150082E631 /* UIViewController+Keyboard.swift in Sources */,
				CEC478FB24344703007D51CE /* ScrollViewController.swift in Sources */,
				CEB6D2C623D3F08700457164 /* UIFont+Theme.swift in Sources */,
				CED1DFC5243DC8C700236BC1 /* UICollectionView+Utils.swift in Sources */,
				CE160E1F242471E7008E7392 /* BaseViewModel.swift in Sources */,
				CE3E8C1F24C54F48001A66EC /* BannerView.swift in Sources */,
				CE0594C924373D5D00510AD2 /* TabMenuBar.swift in Sources */,
				CEC478FF24348128007D51CE /* PageViewController.swift in Sources */,
				CEBE0965244EFDAD0016EEFA /* UIView+EmptyView.swift in Sources */,
				CED4CB772451A01500369B04 /* UIScrollView+EmptyView.swift in Sources */,
				CE2A23EF24F60570004C5E66 /* RangeWrapper.swift in Sources */,
				CEBE095A244ED5EA0016EEFA /* UITableView+Utils.swift in Sources */,
				CE416DD424F78F9A0078A4FB /* AlertController.swift in Sources */,
				CEBEB52A23D59564000B8CBF /* UIView+Loading.swift in Sources */,
				CE0594C32437121900510AD2 /* TabMenuBarCell.swift in Sources */,
				CEBEB52623D55F7A000B8CBF /* ProgressHUD.swift in Sources */,
				CE6996EB23D81ED100A99469 /* UIViewControlelr+Transition.swift in Sources */,
				CED4CB73245186B800369B04 /* ConversionUtils.swift in Sources */,
				CE6996EF23D8235E00A99469 /* NSObject+Utils.swift in Sources */,
				CEAE533423D1A6950073882E /* UIColor+Utils.swift in Sources */,
				CEBE095C244EEC160016EEFA /* TableViewController.swift in Sources */,
				CECB373C2429F44100C92687 /* WeakObjectContainer.swift in Sources */,
				CE416DD624F79C280078A4FB /* UIImage+Utils.swift in Sources */,
				CE0594C72437146200510AD2 /* UIView+AutoLayout.swift in Sources */,
				CE6996E723D7EC2C00A99469 /* PartialPresentationController.swift in Sources */,
				CE3E8C2124C56F07001A66EC /* CountDownTimer.swift in Sources */,
				CED4CB7524519F7100369B04 /* UIViewController+EmptyView.swift in Sources */,
				CEC9C31E242AFCF60082E631 /* BaseError.swift in Sources */,
				CED4CB712451839000369B04 /* UINavigationItem+Utils.swift in Sources */,
			);
			runOnlyForDeploymentPostprocessing = 0;
		};
/* End PBXSourcesBuildPhase section */

/* Begin XCBuildConfiguration section */
		CE9E4C1D23D062A300C0F63D /* Debug */ = {
			isa = XCBuildConfiguration;
			buildSettings = {
				ALWAYS_SEARCH_USER_PATHS = NO;
				CLANG_ANALYZER_NONNULL = YES;
				CLANG_ANALYZER_NUMBER_OBJECT_CONVERSION = YES_AGGRESSIVE;
				CLANG_CXX_LANGUAGE_STANDARD = "gnu++14";
				CLANG_CXX_LIBRARY = "libc++";
				CLANG_ENABLE_MODULES = YES;
				CLANG_ENABLE_OBJC_ARC = YES;
				CLANG_ENABLE_OBJC_WEAK = YES;
				CLANG_WARN_BLOCK_CAPTURE_AUTORELEASING = YES;
				CLANG_WARN_BOOL_CONVERSION = YES;
				CLANG_WARN_COMMA = YES;
				CLANG_WARN_CONSTANT_CONVERSION = YES;
				CLANG_WARN_DEPRECATED_OBJC_IMPLEMENTATIONS = YES;
				CLANG_WARN_DIRECT_OBJC_ISA_USAGE = YES_ERROR;
				CLANG_WARN_DOCUMENTATION_COMMENTS = YES;
				CLANG_WARN_EMPTY_BODY = YES;
				CLANG_WARN_ENUM_CONVERSION = YES;
				CLANG_WARN_INFINITE_RECURSION = YES;
				CLANG_WARN_INT_CONVERSION = YES;
				CLANG_WARN_NON_LITERAL_NULL_CONVERSION = YES;
				CLANG_WARN_OBJC_IMPLICIT_RETAIN_SELF = YES;
				CLANG_WARN_OBJC_LITERAL_CONVERSION = YES;
				CLANG_WARN_OBJC_ROOT_CLASS = YES_ERROR;
				CLANG_WARN_QUOTED_INCLUDE_IN_FRAMEWORK_HEADER = YES;
				CLANG_WARN_RANGE_LOOP_ANALYSIS = YES;
				CLANG_WARN_STRICT_PROTOTYPES = YES;
				CLANG_WARN_SUSPICIOUS_MOVE = YES;
				CLANG_WARN_UNGUARDED_AVAILABILITY = YES_AGGRESSIVE;
				CLANG_WARN_UNREACHABLE_CODE = YES;
				CLANG_WARN__DUPLICATE_METHOD_MATCH = YES;
				COPY_PHASE_STRIP = NO;
				DEBUG_INFORMATION_FORMAT = dwarf;
				ENABLE_STRICT_OBJC_MSGSEND = YES;
				ENABLE_TESTABILITY = YES;
				GCC_C_LANGUAGE_STANDARD = gnu11;
				GCC_DYNAMIC_NO_PIC = NO;
				GCC_NO_COMMON_BLOCKS = YES;
				GCC_OPTIMIZATION_LEVEL = 0;
				GCC_PREPROCESSOR_DEFINITIONS = (
					"DEBUG=1",
					"$(inherited)",
				);
				GCC_WARN_64_TO_32_BIT_CONVERSION = YES;
				GCC_WARN_ABOUT_RETURN_TYPE = YES_ERROR;
				GCC_WARN_UNDECLARED_SELECTOR = YES;
				GCC_WARN_UNINITIALIZED_AUTOS = YES_AGGRESSIVE;
				GCC_WARN_UNUSED_FUNCTION = YES;
				GCC_WARN_UNUSED_VARIABLE = YES;
				IPHONEOS_DEPLOYMENT_TARGET = 10.0;
				MTL_ENABLE_DEBUG_INFO = INCLUDE_SOURCE;
				MTL_FAST_MATH = YES;
				ONLY_ACTIVE_ARCH = YES;
				OTHER_SWIFT_FLAGS = "-D DEBUG";
				SDKROOT = iphoneos;
				SWIFT_ACTIVE_COMPILATION_CONDITIONS = DEBUG;
				SWIFT_OPTIMIZATION_LEVEL = "-Onone";
			};
			name = Debug;
		};
		CE9E4C1E23D062A300C0F63D /* Release */ = {
			isa = XCBuildConfiguration;
			buildSettings = {
				ALWAYS_SEARCH_USER_PATHS = NO;
				CLANG_ANALYZER_NONNULL = YES;
				CLANG_ANALYZER_NUMBER_OBJECT_CONVERSION = YES_AGGRESSIVE;
				CLANG_CXX_LANGUAGE_STANDARD = "gnu++14";
				CLANG_CXX_LIBRARY = "libc++";
				CLANG_ENABLE_MODULES = YES;
				CLANG_ENABLE_OBJC_ARC = YES;
				CLANG_ENABLE_OBJC_WEAK = YES;
				CLANG_WARN_BLOCK_CAPTURE_AUTORELEASING = YES;
				CLANG_WARN_BOOL_CONVERSION = YES;
				CLANG_WARN_COMMA = YES;
				CLANG_WARN_CONSTANT_CONVERSION = YES;
				CLANG_WARN_DEPRECATED_OBJC_IMPLEMENTATIONS = YES;
				CLANG_WARN_DIRECT_OBJC_ISA_USAGE = YES_ERROR;
				CLANG_WARN_DOCUMENTATION_COMMENTS = YES;
				CLANG_WARN_EMPTY_BODY = YES;
				CLANG_WARN_ENUM_CONVERSION = YES;
				CLANG_WARN_INFINITE_RECURSION = YES;
				CLANG_WARN_INT_CONVERSION = YES;
				CLANG_WARN_NON_LITERAL_NULL_CONVERSION = YES;
				CLANG_WARN_OBJC_IMPLICIT_RETAIN_SELF = YES;
				CLANG_WARN_OBJC_LITERAL_CONVERSION = YES;
				CLANG_WARN_OBJC_ROOT_CLASS = YES_ERROR;
				CLANG_WARN_QUOTED_INCLUDE_IN_FRAMEWORK_HEADER = YES;
				CLANG_WARN_RANGE_LOOP_ANALYSIS = YES;
				CLANG_WARN_STRICT_PROTOTYPES = YES;
				CLANG_WARN_SUSPICIOUS_MOVE = YES;
				CLANG_WARN_UNGUARDED_AVAILABILITY = YES_AGGRESSIVE;
				CLANG_WARN_UNREACHABLE_CODE = YES;
				CLANG_WARN__DUPLICATE_METHOD_MATCH = YES;
				COPY_PHASE_STRIP = NO;
				DEBUG_INFORMATION_FORMAT = "dwarf-with-dsym";
				ENABLE_NS_ASSERTIONS = NO;
				ENABLE_STRICT_OBJC_MSGSEND = YES;
				GCC_C_LANGUAGE_STANDARD = gnu11;
				GCC_NO_COMMON_BLOCKS = YES;
				GCC_WARN_64_TO_32_BIT_CONVERSION = YES;
				GCC_WARN_ABOUT_RETURN_TYPE = YES_ERROR;
				GCC_WARN_UNDECLARED_SELECTOR = YES;
				GCC_WARN_UNINITIALIZED_AUTOS = YES_AGGRESSIVE;
				GCC_WARN_UNUSED_FUNCTION = YES;
				GCC_WARN_UNUSED_VARIABLE = YES;
				IPHONEOS_DEPLOYMENT_TARGET = 10.0;
				MTL_ENABLE_DEBUG_INFO = NO;
				MTL_FAST_MATH = YES;
				OTHER_SWIFT_FLAGS = "";
				SDKROOT = iphoneos;
				SWIFT_COMPILATION_MODE = wholemodule;
				SWIFT_OPTIMIZATION_LEVEL = "-O";
				VALIDATE_PRODUCT = YES;
			};
			name = Release;
		};
		CE9E4C2023D062A300C0F63D /* Debug */ = {
			isa = XCBuildConfiguration;
			baseConfigurationReference = 3B3029981CD3205D76C06BCE /* Pods-GliKitSwift.debug.xcconfig */;
			buildSettings = {
				CODE_SIGN_STYLE = Automatic;
				OTHER_LDFLAGS = (
					"$(inherited)",
					"-ObjC",
				);
				PRODUCT_NAME = "$(TARGET_NAME)";
				SKIP_INSTALL = YES;
				SWIFT_VERSION = 5.0;
				TARGETED_DEVICE_FAMILY = "1,2";
			};
			name = Debug;
		};
		CE9E4C2123D062A300C0F63D /* Release */ = {
			isa = XCBuildConfiguration;
			baseConfigurationReference = 7600BFF31AC3917776A2AD5D /* Pods-GliKitSwift.release.xcconfig */;
			buildSettings = {
				CODE_SIGN_STYLE = Automatic;
				OTHER_LDFLAGS = (
					"$(inherited)",
					"-ObjC",
				);
				PRODUCT_NAME = "$(TARGET_NAME)";
				SKIP_INSTALL = YES;
				SWIFT_VERSION = 5.0;
				TARGETED_DEVICE_FAMILY = "1,2";
			};
			name = Release;
		};
/* End XCBuildConfiguration section */

/* Begin XCConfigurationList section */
		CE9E4C1323D062A300C0F63D /* Build configuration list for PBXProject "GliKitSwift" */ = {
			isa = XCConfigurationList;
			buildConfigurations = (
				CE9E4C1D23D062A300C0F63D /* Debug */,
				CE9E4C1E23D062A300C0F63D /* Release */,
			);
			defaultConfigurationIsVisible = 0;
			defaultConfigurationName = Release;
		};
		CE9E4C1F23D062A300C0F63D /* Build configuration list for PBXNativeTarget "GliKitSwift" */ = {
			isa = XCConfigurationList;
			buildConfigurations = (
				CE9E4C2023D062A300C0F63D /* Debug */,
				CE9E4C2123D062A300C0F63D /* Release */,
			);
			defaultConfigurationIsVisible = 0;
			defaultConfigurationName = Release;
		};
/* End XCConfigurationList section */
	};
	rootObject = CE9E4C1023D062A300C0F63D /* Project object */;
}
