PODS:
  - Alamofire (5.2.2)
  - KeychainAccess (4.2.1)
  - Kingfisher (5.15.6):
    - Kingfisher/Core (= 5.15.6)
  - Kingfisher/Core (5.15.6)
  - SnapKit (5.0.1)

DEPENDENCIES:
  - Alamofire (~> 5.2.2)
  - KeychainAccess
  - Kingfisher (~> 5.15.6)
  - SnapKit (~> 5.0.1)

SPEC REPOS:
  trunk:
    - Alamofire
    - KeychainAccess
    - Kingfisher
    - SnapKit

SPEC CHECKSUMS:
  Alamofire: 814429acc853c6c54ff123fc3d2ef66803823ce0
  KeychainAccess: 9b07f665298d13c3a85881bd3171f6f49b8151c1
  Kingfisher: b3554e7bf6106115b44e8795300bad580ef2fdc7
  SnapKit: 97b92857e3df3a0c71833cce143274bf6ef8e5eb

PODFILE CHECKSUM: 7703aac3b0bbf0da3350daabfd3b134c451de0e9

COCOAPODS: 1.9.1
